
Microsoft Visual Studio Solution File, Format Version 12.00
# Visual Studio Version 16
VisualStudioVersion = 16.0.33423.256
MinimumVisualStudioVersion = 10.0.40219.1
Project("{FAE04EC0-301F-11D3-BF4B-00C04F79EFBC}") = "DoAn_ASPNETCORE", "DoAn_ASPNETCORE\DoAn_ASPNETCORE.csproj", "{E12FF714-14A8-4FE1-87DB-F2B576BC9643}"
EndProject
Global
	GlobalSection(SolutionConfigurationPlatforms) = preSolution
		Debug|Any CPU = Debug|Any CPU
		Release|Any CPU = Release|Any CPU
	EndGlobalSection
	GlobalSection(ProjectConfigurationPlatforms) = postSolution
		{E12FF714-14A8-4FE1-87DB-F2B576BC9643}.Debug|Any CPU.ActiveCfg = Debug|Any CPU
		{E12FF714-14A8-4FE1-87DB-F2B576BC9643}.Debug|Any CPU.Build.0 = Debug|Any CPU
		{E12FF714-14A8-4FE1-87DB-F2B576BC9643}.Release|Any CPU.ActiveCfg = Release|Any CPU
		{E12FF714-14A8-4FE1-87DB-F2B576BC9643}.Release|Any CPU.Build.0 = Release|Any CPU
	EndGlobalSection
	GlobalSection(SolutionProperties) = preSolution
		HideSolutionNode = FALSE
	EndGlobalSection
	GlobalSection(ExtensibilityGlobals) = postSolution
		SolutionGuid = {C3D9FDD9-56E4-446E-BCA2-54D9051FAB3E}
	EndGlobalSection
EndGlobal
